
Microsoft Visual Studio Solution File, Format Version 12.00
# Visual Studio Version 16
VisualStudioVersion = 16.0.31702.278
MinimumVisualStudioVersion = 10.0.40219.1
Project("{8BC9CEB8-8B4A-11D0-8D11-00A0C91BC942}") = "Dll_PM_U5_Q2", "Dll_PM_U5_Q2\Dll_PM_U5_Q2.vcxproj", "{B017685A-3461-4D20-811D-672F7C73096D}"
EndProject
Global
	GlobalSection(SolutionConfigurationPlatforms) = preSolution
		Debug|x64 = Debug|x64
		Debug|x86 = Debug|x86
		Release|x64 = Release|x64
		Release|x86 = Release|x86
	EndGlobalSection
	GlobalSection(ProjectConfigurationPlatforms) = postSolution
		{B017685A-3461-4D20-811D-672F7C73096D}.Debug|x64.ActiveCfg = Debug|x64
		{B017685A-3461-4D20-811D-672F7C73096D}.Debug|x64.Build.0 = Debug|x64
		{B017685A-3461-4D20-811D-672F7C73096D}.Debug|x86.ActiveCfg = Debug|Win32
		{B017685A-3461-4D20-811D-672F7C73096D}.Debug|x86.Build.0 = Debug|Win32
		{B017685A-3461-4D20-811D-672F7C73096D}.Release|x64.ActiveCfg = Release|x64
		{B017685A-3461-4D20-811D-672F7C73096D}.Release|x64.Build.0 = Release|x64
		{B017685A-3461-4D20-811D-672F7C73096D}.Release|x86.ActiveCfg = Release|Win32
		{B017685A-3461-4D20-811D-672F7C73096D}.Release|x86.Build.0 = Release|Win32
	EndGlobalSection
	GlobalSection(SolutionProperties) = preSolution
		HideSolutionNode = FALSE
	EndGlobalSection
	GlobalSection(ExtensibilityGlobals) = postSolution
		SolutionGuid = {E3876212-98AF-45AB-9676-1F6A45DF5DFC}
	EndGlobalSection
EndGlobal
